
Microsoft Visual Studio Solution File, Format Version 12.00
# Visual Studio Version 17
VisualStudioVersion = 17.3.32804.467
MinimumVisualStudioVersion = 10.0.40219.1
Project("{9A19103F-16F7-4668-BE54-9A1E7A4F7556}") = "UNITYST", "UNITYST\UNITYST.csproj", "{2F8E54C4-1DD0-4824-B8E5-39825D1FF354}"
EndProject
Project("{9A19103F-16F7-4668-BE54-9A1E7A4F7556}") = "00Using", "00Using\00Using.csproj", "{74BBBDB8-550E-4CF3-87C3-C4C5D17BF2CE}"
EndProject
Project("{9A19103F-16F7-4668-BE54-9A1E7A4F7556}") = "02NameSpace", "NameSpace\02NameSpace.csproj", "{6964F2D9-3069-4BC9-A9B8-611FF683F507}"
EndProject
Project("{2150E333-8FDC-42A3-9474-1A3956D46DE8}") = "index", "index", "{E5F4B8ED-FB40-4611-AB50-5E91827A53E8}"
	ProjectSection(SolutionItems) = preProject
		index.txt = index.txt
	EndProjectSection
EndProject
Project("{9A19103F-16F7-4668-BE54-9A1E7A4F7556}") = "03CodeStartAndReading", "CodeStartAndReading\03CodeStartAndReading.csproj", "{00735AEF-AFFA-40B5-A2F3-EA017F4874B4}"
EndProject
Project("{9A19103F-16F7-4668-BE54-9A1E7A4F7556}") = "MemberVar", "MemberVar\MemberVar.csproj", "{7AE96A24-769B-4938-B034-834823D9D30A}"
EndProject
Project("{9A19103F-16F7-4668-BE54-9A1E7A4F7556}") = "05MemberFunc", "05MemberFunc\05MemberFunc.csproj", "{89969A53-C9F7-4A8E-9317-09967B1F5EFE}"
EndProject
Project("{9A19103F-16F7-4668-BE54-9A1E7A4F7556}") = "06LocalVar", "LocalVar\06LocalVar.csproj", "{EA2F287A-C76A-4C20-9BAB-3DED322F2E3C}"
EndProject
Project("{9A19103F-16F7-4668-BE54-9A1E7A4F7556}") = "07ClassAccess", "07ClassAccess\07ClassAccess.csproj", "{F401E568-EE39-4116-B311-13999486B272}"
EndProject
Project("{9A19103F-16F7-4668-BE54-9A1E7A4F7556}") = "08FuncEx", "FuncEx\08FuncEx.csproj", "{FFA7B876-12F0-462D-BC08-6AC0D15D8941}"
EndProject
Project("{9A19103F-16F7-4668-BE54-9A1E7A4F7556}") = "09Operator", "09Operator\09Operator.csproj", "{F7E5BBD5-E569-4B2E-BCF6-9FC68DF9A7D3}"
EndProject
Project("{9A19103F-16F7-4668-BE54-9A1E7A4F7556}") = "10Memory", "10Memory\10Memory.csproj", "{07F80E03-9AFD-4F8B-86C2-1827F6C0A68A}"
EndProject
Project("{9A19103F-16F7-4668-BE54-9A1E7A4F7556}") = "11Memory_Value", "11Memory_Value\11Memory_Value.csproj", "{36A2FF8D-D878-4A12-ADAC-56AC4F40FB0D}"
EndProject
Project("{9A19103F-16F7-4668-BE54-9A1E7A4F7556}") = "12Memory02_Reference", "12Memory02_Reference\12Memory02_Reference.csproj", "{BFB740F6-E1F3-4E2D-9002-F6CB4F1D82A9}"
EndProject
Project("{9A19103F-16F7-4668-BE54-9A1E7A4F7556}") = "13StaticVar", "13StaticVar\13StaticVar.csproj", "{13E7CAD3-8CAC-42C3-8E73-166C0E3E8280}"
EndProject
Project("{9A19103F-16F7-4668-BE54-9A1E7A4F7556}") = "14StaticFunc", "14StaticFunc\14StaticFunc.csproj", "{628A694C-CECA-4AC6-B750-258C78409DA7}"
EndProject
Project("{9A19103F-16F7-4668-BE54-9A1E7A4F7556}") = "15StaticClass", "15StaticClass\15StaticClass.csproj", "{D7491CAE-4EF3-4613-A805-29948AA3999A}"
EndProject
Project("{9A19103F-16F7-4668-BE54-9A1E7A4F7556}") = "16This", "16This\16This.csproj", "{6B39A58E-3EBF-4FF4-A388-AE1DC8F0CA6F}"
EndProject
Project("{9A19103F-16F7-4668-BE54-9A1E7A4F7556}") = "17While", "17While\17While.csproj", "{87E1C2FD-6431-402C-9EDB-651ED998D142}"
EndProject
Project("{9A19103F-16F7-4668-BE54-9A1E7A4F7556}") = "18for", "18for\18for.csproj", "{ED1A4891-3719-4A9A-9A1D-D39DC0201776}"
EndProject
Project("{9A19103F-16F7-4668-BE54-9A1E7A4F7556}") = "19if", "19if\19if.csproj", "{B4D75537-5953-4D7E-BD01-016340998C07}"
EndProject
Project("{9A19103F-16F7-4668-BE54-9A1E7A4F7556}") = "20Switch", "20Switch\20Switch.csproj", "{7D4EC022-27AF-47A1-AC07-E4C141E19897}"
EndProject
Project("{9A19103F-16F7-4668-BE54-9A1E7A4F7556}") = "22Struct", "21Struct\22Struct.csproj", "{6B309BA2-0346-4DE3-8AFC-EFF036B5D7D7}"
EndProject
Project("{9A19103F-16F7-4668-BE54-9A1E7A4F7556}") = "21Enum", "21Enum\21Enum.csproj", "{B4A53D24-488E-4AF9-B706-DC7D1348DAA4}"
EndProject
Project("{2150E333-8FDC-42A3-9474-1A3956D46DE8}") = "Game", "Game", "{633A961F-E499-4C0D-BB06-F8A168AFA8FC}"
EndProject
Project("{9A19103F-16F7-4668-BE54-9A1E7A4F7556}") = "TextRPG001", "TextRPG001\TextRPG001.csproj", "{F5595B7A-E059-407C-86A5-97C5EBB21D19}"
EndProject
Project("{9A19103F-16F7-4668-BE54-9A1E7A4F7556}") = "23Inheritance", "23Inheritance\23Inheritance.csproj", "{EEDFB248-CCBA-4B63-B7E7-BCF6677EF023}"
EndProject
Project("{9A19103F-16F7-4668-BE54-9A1E7A4F7556}") = "24ClassConstructer", "24ClassConstructer\24ClassConstructer.csproj", "{51C23F67-0089-4772-979A-6E8500010765}"
EndProject
Project("{FAE04EC0-301F-11D3-BF4B-00C04F79EFBC}") = "25String01", "String01\25String01.csproj", "{57E45083-873E-48CF-B9D2-B7F80EE8B16B}"
EndProject
Project("{FAE04EC0-301F-11D3-BF4B-00C04F79EFBC}") = "26Property", "26Property\26Property.csproj", "{EF8CB37C-DB8B-440B-ADC1-E1137A8B2F0C}"
EndProject
Project("{FAE04EC0-301F-11D3-BF4B-00C04F79EFBC}") = "27ClassFile", "27ClassFile\27ClassFile.csproj", "{3FF5D7FC-0327-4D95-9B41-C5606E55C61C}"
EndProject
Global
	GlobalSection(SolutionConfigurationPlatforms) = preSolution
		Debug|Any CPU = Debug|Any CPU
		Release|Any CPU = Release|Any CPU
	EndGlobalSection
	GlobalSection(ProjectConfigurationPlatforms) = postSolution
		{2F8E54C4-1DD0-4824-B8E5-39825D1FF354}.Debug|Any CPU.ActiveCfg = Debug|Any CPU
		{2F8E54C4-1DD0-4824-B8E5-39825D1FF354}.Debug|Any CPU.Build.0 = Debug|Any CPU
		{2F8E54C4-1DD0-4824-B8E5-39825D1FF354}.Release|Any CPU.ActiveCfg = Release|Any CPU
		{2F8E54C4-1DD0-4824-B8E5-39825D1FF354}.Release|Any CPU.Build.0 = Release|Any CPU
		{74BBBDB8-550E-4CF3-87C3-C4C5D17BF2CE}.Debug|Any CPU.ActiveCfg = Debug|Any CPU
		{74BBBDB8-550E-4CF3-87C3-C4C5D17BF2CE}.Debug|Any CPU.Build.0 = Debug|Any CPU
		{74BBBDB8-550E-4CF3-87C3-C4C5D17BF2CE}.Release|Any CPU.ActiveCfg = Release|Any CPU
		{74BBBDB8-550E-4CF3-87C3-C4C5D17BF2CE}.Release|Any CPU.Build.0 = Release|Any CPU
		{6964F2D9-3069-4BC9-A9B8-611FF683F507}.Debug|Any CPU.ActiveCfg = Debug|Any CPU
		{6964F2D9-3069-4BC9-A9B8-611FF683F507}.Debug|Any CPU.Build.0 = Debug|Any CPU
		{6964F2D9-3069-4BC9-A9B8-611FF683F507}.Release|Any CPU.ActiveCfg = Release|Any CPU
		{6964F2D9-3069-4BC9-A9B8-611FF683F507}.Release|Any CPU.Build.0 = Release|Any CPU
		{00735AEF-AFFA-40B5-A2F3-EA017F4874B4}.Debug|Any CPU.ActiveCfg = Debug|Any CPU
		{00735AEF-AFFA-40B5-A2F3-EA017F4874B4}.Debug|Any CPU.Build.0 = Debug|Any CPU
		{00735AEF-AFFA-40B5-A2F3-EA017F4874B4}.Release|Any CPU.ActiveCfg = Release|Any CPU
		{00735AEF-AFFA-40B5-A2F3-EA017F4874B4}.Release|Any CPU.Build.0 = Release|Any CPU
		{7AE96A24-769B-4938-B034-834823D9D30A}.Debug|Any CPU.ActiveCfg = Debug|Any CPU
		{7AE96A24-769B-4938-B034-834823D9D30A}.Debug|Any CPU.Build.0 = Debug|Any CPU
		{7AE96A24-769B-4938-B034-834823D9D30A}.Release|Any CPU.ActiveCfg = Release|Any CPU
		{7AE96A24-769B-4938-B034-834823D9D30A}.Release|Any CPU.Build.0 = Release|Any CPU
		{89969A53-C9F7-4A8E-9317-09967B1F5EFE}.Debug|Any CPU.ActiveCfg = Debug|Any CPU
		{89969A53-C9F7-4A8E-9317-09967B1F5EFE}.Debug|Any CPU.Build.0 = Debug|Any CPU
		{89969A53-C9F7-4A8E-9317-09967B1F5EFE}.Release|Any CPU.ActiveCfg = Release|Any CPU
		{89969A53-C9F7-4A8E-9317-09967B1F5EFE}.Release|Any CPU.Build.0 = Release|Any CPU
		{EA2F287A-C76A-4C20-9BAB-3DED322F2E3C}.Debug|Any CPU.ActiveCfg = Debug|Any CPU
		{EA2F287A-C76A-4C20-9BAB-3DED322F2E3C}.Debug|Any CPU.Build.0 = Debug|Any CPU
		{EA2F287A-C76A-4C20-9BAB-3DED322F2E3C}.Release|Any CPU.ActiveCfg = Release|Any CPU
		{EA2F287A-C76A-4C20-9BAB-3DED322F2E3C}.Release|Any CPU.Build.0 = Release|Any CPU
		{F401E568-EE39-4116-B311-13999486B272}.Debug|Any CPU.ActiveCfg = Debug|Any CPU
		{F401E568-EE39-4116-B311-13999486B272}.Debug|Any CPU.Build.0 = Debug|Any CPU
		{F401E568-EE39-4116-B311-13999486B272}.Release|Any CPU.ActiveCfg = Release|Any CPU
		{F401E568-EE39-4116-B311-13999486B272}.Release|Any CPU.Build.0 = Release|Any CPU
		{FFA7B876-12F0-462D-BC08-6AC0D15D8941}.Debug|Any CPU.ActiveCfg = Debug|Any CPU
		{FFA7B876-12F0-462D-BC08-6AC0D15D8941}.Debug|Any CPU.Build.0 = Debug|Any CPU
		{FFA7B876-12F0-462D-BC08-6AC0D15D8941}.Release|Any CPU.ActiveCfg = Release|Any CPU
		{FFA7B876-12F0-462D-BC08-6AC0D15D8941}.Release|Any CPU.Build.0 = Release|Any CPU
		{F7E5BBD5-E569-4B2E-BCF6-9FC68DF9A7D3}.Debug|Any CPU.ActiveCfg = Debug|Any CPU
		{F7E5BBD5-E569-4B2E-BCF6-9FC68DF9A7D3}.Debug|Any CPU.Build.0 = Debug|Any CPU
		{F7E5BBD5-E569-4B2E-BCF6-9FC68DF9A7D3}.Release|Any CPU.ActiveCfg = Release|Any CPU
		{F7E5BBD5-E569-4B2E-BCF6-9FC68DF9A7D3}.Release|Any CPU.Build.0 = Release|Any CPU
		{07F80E03-9AFD-4F8B-86C2-1827F6C0A68A}.Debug|Any CPU.ActiveCfg = Debug|Any CPU
		{07F80E03-9AFD-4F8B-86C2-1827F6C0A68A}.Debug|Any CPU.Build.0 = Debug|Any CPU
		{07F80E03-9AFD-4F8B-86C2-1827F6C0A68A}.Release|Any CPU.ActiveCfg = Release|Any CPU
		{07F80E03-9AFD-4F8B-86C2-1827F6C0A68A}.Release|Any CPU.Build.0 = Release|Any CPU
		{36A2FF8D-D878-4A12-ADAC-56AC4F40FB0D}.Debug|Any CPU.ActiveCfg = Debug|Any CPU
		{36A2FF8D-D878-4A12-ADAC-56AC4F40FB0D}.Debug|Any CPU.Build.0 = Debug|Any CPU
		{36A2FF8D-D878-4A12-ADAC-56AC4F40FB0D}.Release|Any CPU.ActiveCfg = Release|Any CPU
		{36A2FF8D-D878-4A12-ADAC-56AC4F40FB0D}.Release|Any CPU.Build.0 = Release|Any CPU
		{BFB740F6-E1F3-4E2D-9002-F6CB4F1D82A9}.Debug|Any CPU.ActiveCfg = Debug|Any CPU
		{BFB740F6-E1F3-4E2D-9002-F6CB4F1D82A9}.Debug|Any CPU.Build.0 = Debug|Any CPU
		{BFB740F6-E1F3-4E2D-9002-F6CB4F1D82A9}.Release|Any CPU.ActiveCfg = Release|Any CPU
		{BFB740F6-E1F3-4E2D-9002-F6CB4F1D82A9}.Release|Any CPU.Build.0 = Release|Any CPU
		{13E7CAD3-8CAC-42C3-8E73-166C0E3E8280}.Debug|Any CPU.ActiveCfg = Debug|Any CPU
		{13E7CAD3-8CAC-42C3-8E73-166C0E3E8280}.Debug|Any CPU.Build.0 = Debug|Any CPU
		{13E7CAD3-8CAC-42C3-8E73-166C0E3E8280}.Release|Any CPU.ActiveCfg = Release|Any CPU
		{13E7CAD3-8CAC-42C3-8E73-166C0E3E8280}.Release|Any CPU.Build.0 = Release|Any CPU
		{628A694C-CECA-4AC6-B750-258C78409DA7}.Debug|Any CPU.ActiveCfg = Debug|Any CPU
		{628A694C-CECA-4AC6-B750-258C78409DA7}.Debug|Any CPU.Build.0 = Debug|Any CPU
		{628A694C-CECA-4AC6-B750-258C78409DA7}.Release|Any CPU.ActiveCfg = Release|Any CPU
		{628A694C-CECA-4AC6-B750-258C78409DA7}.Release|Any CPU.Build.0 = Release|Any CPU
		{D7491CAE-4EF3-4613-A805-29948AA3999A}.Debug|Any CPU.ActiveCfg = Debug|Any CPU
		{D7491CAE-4EF3-4613-A805-29948AA3999A}.Debug|Any CPU.Build.0 = Debug|Any CPU
		{D7491CAE-4EF3-4613-A805-29948AA3999A}.Release|Any CPU.ActiveCfg = Release|Any CPU
		{D7491CAE-4EF3-4613-A805-29948AA3999A}.Release|Any CPU.Build.0 = Release|Any CPU
		{6B39A58E-3EBF-4FF4-A388-AE1DC8F0CA6F}.Debug|Any CPU.ActiveCfg = Debug|Any CPU
		{6B39A58E-3EBF-4FF4-A388-AE1DC8F0CA6F}.Debug|Any CPU.Build.0 = Debug|Any CPU
		{6B39A58E-3EBF-4FF4-A388-AE1DC8F0CA6F}.Release|Any CPU.ActiveCfg = Release|Any CPU
		{6B39A58E-3EBF-4FF4-A388-AE1DC8F0CA6F}.Release|Any CPU.Build.0 = Release|Any CPU
		{87E1C2FD-6431-402C-9EDB-651ED998D142}.Debug|Any CPU.ActiveCfg = Debug|Any CPU
		{87E1C2FD-6431-402C-9EDB-651ED998D142}.Debug|Any CPU.Build.0 = Debug|Any CPU
		{87E1C2FD-6431-402C-9EDB-651ED998D142}.Release|Any CPU.ActiveCfg = Release|Any CPU
		{87E1C2FD-6431-402C-9EDB-651ED998D142}.Release|Any CPU.Build.0 = Release|Any CPU
		{ED1A4891-3719-4A9A-9A1D-D39DC0201776}.Debug|Any CPU.ActiveCfg = Debug|Any CPU
		{ED1A4891-3719-4A9A-9A1D-D39DC0201776}.Debug|Any CPU.Build.0 = Debug|Any CPU
		{ED1A4891-3719-4A9A-9A1D-D39DC0201776}.Release|Any CPU.ActiveCfg = Release|Any CPU
		{ED1A4891-3719-4A9A-9A1D-D39DC0201776}.Release|Any CPU.Build.0 = Release|Any CPU
		{B4D75537-5953-4D7E-BD01-016340998C07}.Debug|Any CPU.ActiveCfg = Debug|Any CPU
		{B4D75537-5953-4D7E-BD01-016340998C07}.Debug|Any CPU.Build.0 = Debug|Any CPU
		{B4D75537-5953-4D7E-BD01-016340998C07}.Release|Any CPU.ActiveCfg = Release|Any CPU
		{B4D75537-5953-4D7E-BD01-016340998C07}.Release|Any CPU.Build.0 = Release|Any CPU
		{7D4EC022-27AF-47A1-AC07-E4C141E19897}.Debug|Any CPU.ActiveCfg = Debug|Any CPU
		{7D4EC022-27AF-47A1-AC07-E4C141E19897}.Debug|Any CPU.Build.0 = Debug|Any CPU
		{7D4EC022-27AF-47A1-AC07-E4C141E19897}.Release|Any CPU.ActiveCfg = Release|Any CPU
		{7D4EC022-27AF-47A1-AC07-E4C141E19897}.Release|Any CPU.Build.0 = Release|Any CPU
		{6B309BA2-0346-4DE3-8AFC-EFF036B5D7D7}.Debug|Any CPU.ActiveCfg = Debug|Any CPU
		{6B309BA2-0346-4DE3-8AFC-EFF036B5D7D7}.Debug|Any CPU.Build.0 = Debug|Any CPU
		{6B309BA2-0346-4DE3-8AFC-EFF036B5D7D7}.Release|Any CPU.ActiveCfg = Release|Any CPU
		{6B309BA2-0346-4DE3-8AFC-EFF036B5D7D7}.Release|Any CPU.Build.0 = Release|Any CPU
		{B4A53D24-488E-4AF9-B706-DC7D1348DAA4}.Debug|Any CPU.ActiveCfg = Debug|Any CPU
		{B4A53D24-488E-4AF9-B706-DC7D1348DAA4}.Debug|Any CPU.Build.0 = Debug|Any CPU
		{B4A53D24-488E-4AF9-B706-DC7D1348DAA4}.Release|Any CPU.ActiveCfg = Release|Any CPU
		{B4A53D24-488E-4AF9-B706-DC7D1348DAA4}.Release|Any CPU.Build.0 = Release|Any CPU
		{F5595B7A-E059-407C-86A5-97C5EBB21D19}.Debug|Any CPU.ActiveCfg = Debug|Any CPU
		{F5595B7A-E059-407C-86A5-97C5EBB21D19}.Debug|Any CPU.Build.0 = Debug|Any CPU
		{F5595B7A-E059-407C-86A5-97C5EBB21D19}.Release|Any CPU.ActiveCfg = Release|Any CPU
		{F5595B7A-E059-407C-86A5-97C5EBB21D19}.Release|Any CPU.Build.0 = Release|Any CPU
		{EEDFB248-CCBA-4B63-B7E7-BCF6677EF023}.Debug|Any CPU.ActiveCfg = Debug|Any CPU
		{EEDFB248-CCBA-4B63-B7E7-BCF6677EF023}.Debug|Any CPU.Build.0 = Debug|Any CPU
		{EEDFB248-CCBA-4B63-B7E7-BCF6677EF023}.Release|Any CPU.ActiveCfg = Release|Any CPU
		{EEDFB248-CCBA-4B63-B7E7-BCF6677EF023}.Release|Any CPU.Build.0 = Release|Any CPU
		{51C23F67-0089-4772-979A-6E8500010765}.Debug|Any CPU.ActiveCfg = Debug|Any CPU
		{51C23F67-0089-4772-979A-6E8500010765}.Debug|Any CPU.Build.0 = Debug|Any CPU
		{51C23F67-0089-4772-979A-6E8500010765}.Release|Any CPU.ActiveCfg = Release|Any CPU
		{51C23F67-0089-4772-979A-6E8500010765}.Release|Any CPU.Build.0 = Release|Any CPU
		{57E45083-873E-48CF-B9D2-B7F80EE8B16B}.Debug|Any CPU.ActiveCfg = Debug|Any CPU
		{57E45083-873E-48CF-B9D2-B7F80EE8B16B}.Debug|Any CPU.Build.0 = Debug|Any CPU
		{57E45083-873E-48CF-B9D2-B7F80EE8B16B}.Release|Any CPU.ActiveCfg = Release|Any CPU
		{57E45083-873E-48CF-B9D2-B7F80EE8B16B}.Release|Any CPU.Build.0 = Release|Any CPU
		{EF8CB37C-DB8B-440B-ADC1-E1137A8B2F0C}.Debug|Any CPU.ActiveCfg = Debug|Any CPU
		{EF8CB37C-DB8B-440B-ADC1-E1137A8B2F0C}.Debug|Any CPU.Build.0 = Debug|Any CPU
		{EF8CB37C-DB8B-440B-ADC1-E1137A8B2F0C}.Release|Any CPU.ActiveCfg = Release|Any CPU
		{EF8CB37C-DB8B-440B-ADC1-E1137A8B2F0C}.Release|Any CPU.Build.0 = Release|Any CPU
		{3FF5D7FC-0327-4D95-9B41-C5606E55C61C}.Debug|Any CPU.ActiveCfg = Debug|Any CPU
		{3FF5D7FC-0327-4D95-9B41-C5606E55C61C}.Debug|Any CPU.Build.0 = Debug|Any CPU
		{3FF5D7FC-0327-4D95-9B41-C5606E55C61C}.Release|Any CPU.ActiveCfg = Release|Any CPU
		{3FF5D7FC-0327-4D95-9B41-C5606E55C61C}.Release|Any CPU.Build.0 = Release|Any CPU
	EndGlobalSection
	GlobalSection(SolutionProperties) = preSolution
		HideSolutionNode = FALSE
	EndGlobalSection
	GlobalSection(NestedProjects) = preSolution
		{F5595B7A-E059-407C-86A5-97C5EBB21D19} = {633A961F-E499-4C0D-BB06-F8A168AFA8FC}
	EndGlobalSection
	GlobalSection(ExtensibilityGlobals) = postSolution
		SolutionGuid = {532A844C-AFFD-4B68-92AB-FF70BA625A67}
	EndGlobalSection
EndGlobal
