
Microsoft Visual Studio Solution File, Format Version 12.00
# Visual Studio Version 17
VisualStudioVersion = 17.3.32804.467
MinimumVisualStudioVersion = 10.0.40219.1
Project("{9A19103F-16F7-4668-BE54-9A1E7A4F7556}") = "UNITYST", "UNITYST\UNITYST.csproj", "{2F8E54C4-1DD0-4824-B8E5-39825D1FF354}"
EndProject
Project("{FAE04EC0-301F-11D3-BF4B-00C04F79EFBC}") = "00Using", "00Using\00Using.csproj", "{74BBBDB8-550E-4CF3-87C3-C4C5D17BF2CE}"
EndProject
Global
	GlobalSection(SolutionConfigurationPlatforms) = preSolution
		Debug|Any CPU = Debug|Any CPU
		Release|Any CPU = Release|Any CPU
	EndGlobalSection
	GlobalSection(ProjectConfigurationPlatforms) = postSolution
		{2F8E54C4-1DD0-4824-B8E5-39825D1FF354}.Debug|Any CPU.ActiveCfg = Debug|Any CPU
		{2F8E54C4-1DD0-4824-B8E5-39825D1FF354}.Debug|Any CPU.Build.0 = Debug|Any CPU
		{2F8E54C4-1DD0-4824-B8E5-39825D1FF354}.Release|Any CPU.ActiveCfg = Release|Any CPU
		{2F8E54C4-1DD0-4824-B8E5-39825D1FF354}.Release|Any CPU.Build.0 = Release|Any CPU
		{74BBBDB8-550E-4CF3-87C3-C4C5D17BF2CE}.Debug|Any CPU.ActiveCfg = Debug|Any CPU
		{74BBBDB8-550E-4CF3-87C3-C4C5D17BF2CE}.Debug|Any CPU.Build.0 = Debug|Any CPU
		{74BBBDB8-550E-4CF3-87C3-C4C5D17BF2CE}.Release|Any CPU.ActiveCfg = Release|Any CPU
		{74BBBDB8-550E-4CF3-87C3-C4C5D17BF2CE}.Release|Any CPU.Build.0 = Release|Any CPU
	EndGlobalSection
	GlobalSection(SolutionProperties) = preSolution
		HideSolutionNode = FALSE
	EndGlobalSection
	GlobalSection(ExtensibilityGlobals) = postSolution
		SolutionGuid = {532A844C-AFFD-4B68-92AB-FF70BA625A67}
	EndGlobalSection
EndGlobal
